
Microsoft Visual Studio Solution File, Format Version 12.00
# Visual Studio 15
Project("{FAE04EC0-301F-11D3-BF4B-00C04F79EFBC}") = "Assembly-CSharp-Editor", "Assembly-CSharp-Editor.csproj", "{BC910D36-93CE-CC91-D2A2-8C75B9E6F554}"
EndProject
Project("{FAE04EC0-301F-11D3-BF4B-00C04F79EFBC}") = "Assembly-CSharp", "Assembly-CSharp.csproj", "{77CC31C2-02EB-6C44-794E-6BE546D081AE}"
EndProject
Project("{FAE04EC0-301F-11D3-BF4B-00C04F79EFBC}") = "Unity.XR.Interaction.Toolkit.Samples.StarterAssets", "Unity.XR.Interaction.Toolkit.Samples.StarterAssets.csproj", "{3D07B2EC-B803-2F69-EE5F-BCC5F37AA6B6}"
EndProject
Global
	GlobalSection(SolutionConfigurationPlatforms) = preSolution
		Debug|Any CPU = Debug|Any CPU
		Release|Any CPU = Release|Any CPU
	EndGlobalSection
	GlobalSection(ProjectConfigurationPlatforms) = postSolution
		{BC910D36-93CE-CC91-D2A2-8C75B9E6F554}.Debug|Any CPU.ActiveCfg = Debug|Any CPU
		{BC910D36-93CE-CC91-D2A2-8C75B9E6F554}.Debug|Any CPU.Build.0 = Debug|Any CPU
		{BC910D36-93CE-CC91-D2A2-8C75B9E6F554}.Release|Any CPU.ActiveCfg = Release|Any CPU
		{BC910D36-93CE-CC91-D2A2-8C75B9E6F554}.Release|Any CPU.Build.0 = Release|Any CPU
		{77CC31C2-02EB-6C44-794E-6BE546D081AE}.Debug|Any CPU.ActiveCfg = Debug|Any CPU
		{77CC31C2-02EB-6C44-794E-6BE546D081AE}.Debug|Any CPU.Build.0 = Debug|Any CPU
		{77CC31C2-02EB-6C44-794E-6BE546D081AE}.Release|Any CPU.ActiveCfg = Release|Any CPU
		{77CC31C2-02EB-6C44-794E-6BE546D081AE}.Release|Any CPU.Build.0 = Release|Any CPU
		{3D07B2EC-B803-2F69-EE5F-BCC5F37AA6B6}.Debug|Any CPU.ActiveCfg = Debug|Any CPU
		{3D07B2EC-B803-2F69-EE5F-BCC5F37AA6B6}.Debug|Any CPU.Build.0 = Debug|Any CPU
		{3D07B2EC-B803-2F69-EE5F-BCC5F37AA6B6}.Release|Any CPU.ActiveCfg = Release|Any CPU
		{3D07B2EC-B803-2F69-EE5F-BCC5F37AA6B6}.Release|Any CPU.Build.0 = Release|Any CPU
	EndGlobalSection
	GlobalSection(SolutionProperties) = preSolution
		HideSolutionNode = FALSE
	EndGlobalSection
EndGlobal
